
Microsoft Visual Studio Solution File, Format Version 12.00
# Visual Studio Version 17
VisualStudioVersion = 17.3.32929.385
MinimumVisualStudioVersion = 10.0.40219.1
Project("{FAE04EC0-301F-11D3-BF4B-00C04F79EFBC}") = "CadeteriaApi", "CadeteriaApi.csproj", "{28FB80FE-71CC-4713-8AB2-0E7035696066}"
EndProject
Global
	GlobalSection(SolutionConfigurationPlatforms) = preSolution
		Debug|Any CPU = Debug|Any CPU
		Release|Any CPU = Release|Any CPU
	EndGlobalSection
	GlobalSection(ProjectConfigurationPlatforms) = postSolution
		{28FB80FE-71CC-4713-8AB2-0E7035696066}.Debug|Any CPU.ActiveCfg = Debug|Any CPU
		{28FB80FE-71CC-4713-8AB2-0E7035696066}.Debug|Any CPU.Build.0 = Debug|Any CPU
		{28FB80FE-71CC-4713-8AB2-0E7035696066}.Release|Any CPU.ActiveCfg = Release|Any CPU
		{28FB80FE-71CC-4713-8AB2-0E7035696066}.Release|Any CPU.Build.0 = Release|Any CPU
	EndGlobalSection
	GlobalSection(SolutionProperties) = preSolution
		HideSolutionNode = FALSE
	EndGlobalSection
	GlobalSection(ExtensibilityGlobals) = postSolution
		SolutionGuid = {6FB69DE7-0889-4006-B930-E11F345C5517}
	EndGlobalSection
EndGlobal
